
Microsoft Visual Studio Solution File, Format Version 12.00
# Visual Studio Version 16
VisualStudioVersion = 16.0.29215.179
MinimumVisualStudioVersion = 10.0.40219.1
Project("{FAE04EC0-301F-11D3-BF4B-00C04F79EFBC}") = "whatever", "whatever\whatever.csproj", "{60BA41DA-29C0-4916-8E59-68A4529B8E59}"
EndProject
Global
	GlobalSection(SolutionConfigurationPlatforms) = preSolution
		Debug|Any CPU = Debug|Any CPU
		Release|Any CPU = Release|Any CPU
	EndGlobalSection
	GlobalSection(ProjectConfigurationPlatforms) = postSolution
		{60BA41DA-29C0-4916-8E59-68A4529B8E59}.Debug|Any CPU.ActiveCfg = Debug|Any CPU
		{60BA41DA-29C0-4916-8E59-68A4529B8E59}.Debug|Any CPU.Build.0 = Debug|Any CPU
		{60BA41DA-29C0-4916-8E59-68A4529B8E59}.Release|Any CPU.ActiveCfg = Release|Any CPU
		{60BA41DA-29C0-4916-8E59-68A4529B8E59}.Release|Any CPU.Build.0 = Release|Any CPU
	EndGlobalSection
	GlobalSection(SolutionProperties) = preSolution
		HideSolutionNode = FALSE
	EndGlobalSection
	GlobalSection(ExtensibilityGlobals) = postSolution
		SolutionGuid = {BC961F50-11F9-4D0B-A563-3872EC9668BE}
	EndGlobalSection
EndGlobal
